
Microsoft Visual Studio Solution File, Format Version 12.00
# Visual Studio 15
VisualStudioVersion = 15.0.27004.2006
MinimumVisualStudioVersion = 10.0.40219.1
Project("{FAE04EC0-301F-11D3-BF4B-00C04F79EFBC}") = "COREDemo", "COREDemo\COREDemo.csproj", "{BD9CBDDB-F587-4B1B-A8A7-99BE1FC6A7A8}"
EndProject
Project("{FAE04EC0-301F-11D3-BF4B-00C04F79EFBC}") = "Repository", "Repository\Repository.csproj", "{7F57A459-EF6A-440B-85D2-E8BC5DFAE92C}"
EndProject
Project("{FAE04EC0-301F-11D3-BF4B-00C04F79EFBC}") = "Infastructure", "Infastructure\Infastructure.csproj", "{D4EDE49F-232D-4443-9EFF-4C7E51D55FF6}"
EndProject
Global
	GlobalSection(SolutionConfigurationPlatforms) = preSolution
		Debug|Any CPU = Debug|Any CPU
		Release|Any CPU = Release|Any CPU
	EndGlobalSection
	GlobalSection(ProjectConfigurationPlatforms) = postSolution
		{BD9CBDDB-F587-4B1B-A8A7-99BE1FC6A7A8}.Debug|Any CPU.ActiveCfg = Debug|Any CPU
		{BD9CBDDB-F587-4B1B-A8A7-99BE1FC6A7A8}.Debug|Any CPU.Build.0 = Debug|Any CPU
		{BD9CBDDB-F587-4B1B-A8A7-99BE1FC6A7A8}.Release|Any CPU.ActiveCfg = Release|Any CPU
		{BD9CBDDB-F587-4B1B-A8A7-99BE1FC6A7A8}.Release|Any CPU.Build.0 = Release|Any CPU
		{7F57A459-EF6A-440B-85D2-E8BC5DFAE92C}.Debug|Any CPU.ActiveCfg = Debug|Any CPU
		{7F57A459-EF6A-440B-85D2-E8BC5DFAE92C}.Debug|Any CPU.Build.0 = Debug|Any CPU
		{7F57A459-EF6A-440B-85D2-E8BC5DFAE92C}.Release|Any CPU.ActiveCfg = Release|Any CPU
		{7F57A459-EF6A-440B-85D2-E8BC5DFAE92C}.Release|Any CPU.Build.0 = Release|Any CPU
		{D4EDE49F-232D-4443-9EFF-4C7E51D55FF6}.Debug|Any CPU.ActiveCfg = Debug|Any CPU
		{D4EDE49F-232D-4443-9EFF-4C7E51D55FF6}.Debug|Any CPU.Build.0 = Debug|Any CPU
		{D4EDE49F-232D-4443-9EFF-4C7E51D55FF6}.Release|Any CPU.ActiveCfg = Release|Any CPU
		{D4EDE49F-232D-4443-9EFF-4C7E51D55FF6}.Release|Any CPU.Build.0 = Release|Any CPU
	EndGlobalSection
	GlobalSection(SolutionProperties) = preSolution
		HideSolutionNode = FALSE
	EndGlobalSection
	GlobalSection(ExtensibilityGlobals) = postSolution
		SolutionGuid = {E71D400F-8026-4F7C-AD92-10458E4DEA91}
	EndGlobalSection
EndGlobal
